lockfileVersion: '9.0'

settings:
  autoInstallPeers: true
  excludeLinksFromLockfile: false

importers:

  .:
    devDependencies:
      '@biomejs/biome':
        specifier: ^1.8.3
        version: 1.8.3
      lefthook:
        specifier: ^1.7.14
        version: 1.7.14
      typescript:
        specifier: ^5.5.4
        version: 5.5.4

  packages/cache:
    devDependencies:
      '@discordjs/ws':
        specifier: ^1.1.1
        version: 1.1.1(bufferutil@4.0.8)
      '@types/node':
        specifier: ^22.5.0
        version: 22.5.0
      core:
        specifier: workspace:*
        version: link:../core
      ioredis:
        specifier: ^5.4.1
        version: 5.4.1

  packages/core:
    dependencies:
      ioredis:
        specifier: ^5.4.1
        version: 5.4.1
      pg:
        specifier: ^8.12.0
        version: 8.12.0
      zod:
        specifier: ^3.23.8
        version: 3.23.8
    devDependencies:
      '@types/node':
        specifier: ^22.5.0
        version: 22.5.0

  packages/database:
    dependencies:
      core:
        specifier: workspace:*
        version: link:../core
      log:
        specifier: workspace:*
        version: link:../logger
    devDependencies:
      '@prisma/client':
        specifier: 5.19.1
        version: 5.19.1(prisma@5.19.1)
      '@types/node':
        specifier: ^22.5.0
        version: 22.5.0
      prisma:
        specifier: ^5.19.1
        version: 5.19.1

  packages/gateway:
    dependencies:
      '@discordjs/brokers':
        specifier: ^0.3.0
        version: 0.3.0
      '@discordjs/rest':
        specifier: ^2.3.0
        version: 2.3.0
      '@discordjs/ws':
        specifier: ^1.1.1
        version: 1.1.1(bufferutil@4.0.8)
      bufferutil:
        specifier: ^4.0.8
        version: 4.0.8
      cache:
        specifier: workspace:*
        version: link:../cache
      core:
        specifier: workspace:*
        version: link:../core
      discord-api-types:
        specifier: ^0.37.97
        version: 0.37.97
      ioredis:
        specifier: ^5.4.1
        version: 5.4.1
      log:
        specifier: workspace:*
        version: link:../logger
    devDependencies:
      '@types/node':
        specifier: ^22.5.0
        version: 22.5.0

  packages/handler:
    dependencies:
      '@discordjs/brokers':
        specifier: ^0.3.0
        version: 0.3.0
      '@discordjs/builders':
        specifier: ^1.8.2
        version: 1.8.2
      '@discordjs/core':
        specifier: ^1.2.0
        version: 1.2.0
      '@discordjs/rest':
        specifier: ^2.3.0
        version: 2.3.0
      core:
        specifier: workspace:*
        version: link:../core
      database:
        specifier: workspace:*
        version: link:../database
      discord-api-types:
        specifier: ^0.37.97
        version: 0.37.97
      ioredis:
        specifier: ^5.4.1
        version: 5.4.1
      log:
        specifier: workspace:*
        version: link:../logger
      zod:
        specifier: ^3.23.8
        version: 3.23.8
    devDependencies:
      '@types/node':
        specifier: ^22.5.0
        version: 22.5.0

  packages/logger:
    dependencies:
      chalk:
        specifier: ^5.3.0
        version: 5.3.0
      core:
        specifier: workspace:*
        version: link:../core
    devDependencies:
      '@types/node':
        specifier: ^22.5.0
        version: 22.5.0

packages:

  '@biomejs/biome@1.8.3':
    resolution: {integrity: sha512-/uUV3MV+vyAczO+vKrPdOW0Iaet7UnJMU4bNMinggGJTAnBPjCoLEYcyYtYHNnUNYlv4xZMH6hVIQCAozq8d5w==}
    engines: {node: '>=14.21.3'}
    hasBin: true

  '@biomejs/cli-darwin-arm64@1.8.3':
    resolution: {integrity: sha512-9DYOjclFpKrH/m1Oz75SSExR8VKvNSSsLnVIqdnKexj6NwmiMlKk94Wa1kZEdv6MCOHGHgyyoV57Cw8WzL5n3A==}
    engines: {node: '>=14.21.3'}
    cpu: [arm64]
    os: [darwin]

  '@biomejs/cli-darwin-x64@1.8.3':
    resolution: {integrity: sha512-UeW44L/AtbmOF7KXLCoM+9PSgPo0IDcyEUfIoOXYeANaNXXf9mLUwV1GeF2OWjyic5zj6CnAJ9uzk2LT3v/wAw==}
    engines: {node: '>=14.21.3'}
    cpu: [x64]
    os: [darwin]

  '@biomejs/cli-linux-arm64-musl@1.8.3':
    resolution: {integrity: sha512-9yjUfOFN7wrYsXt/T/gEWfvVxKlnh3yBpnScw98IF+oOeCYb5/b/+K7YNqKROV2i1DlMjg9g/EcN9wvj+NkMuQ==}
    engines: {node: '>=14.21.3'}
    cpu: [arm64]
    os: [linux]

  '@biomejs/cli-linux-arm64@1.8.3':
    resolution: {integrity: sha512-fed2ji8s+I/m8upWpTJGanqiJ0rnlHOK3DdxsyVLZQ8ClY6qLuPc9uehCREBifRJLl/iJyQpHIRufLDeotsPtw==}
    engines: {node: '>=14.21.3'}
    cpu: [arm64]
    os: [linux]

  '@biomejs/cli-linux-x64-musl@1.8.3':
    resolution: {integrity: sha512-UHrGJX7PrKMKzPGoEsooKC9jXJMa28TUSMjcIlbDnIO4EAavCoVmNQaIuUSH0Ls2mpGMwUIf+aZJv657zfWWjA==}
    engines: {node: '>=14.21.3'}
    cpu: [x64]
    os: [linux]

  '@biomejs/cli-linux-x64@1.8.3':
    resolution: {integrity: sha512-I8G2QmuE1teISyT8ie1HXsjFRz9L1m5n83U1O6m30Kw+kPMPSKjag6QGUn+sXT8V+XWIZxFFBoTDEDZW2KPDDw==}
    engines: {node: '>=14.21.3'}
    cpu: [x64]
    os: [linux]

  '@biomejs/cli-win32-arm64@1.8.3':
    resolution: {integrity: sha512-J+Hu9WvrBevfy06eU1Na0lpc7uR9tibm9maHynLIoAjLZpQU3IW+OKHUtyL8p6/3pT2Ju5t5emReeIS2SAxhkQ==}
    engines: {node: '>=14.21.3'}
    cpu: [arm64]
    os: [win32]

  '@biomejs/cli-win32-x64@1.8.3':
    resolution: {integrity: sha512-/PJ59vA1pnQeKahemaQf4Nyj7IKUvGQSc3Ze1uIGi+Wvr1xF7rGobSrAAG01T/gUDG21vkDsZYM03NAmPiVkqg==}
    engines: {node: '>=14.21.3'}
    cpu: [x64]
    os: [win32]

  '@discordjs/brokers@0.3.0':
    resolution: {integrity: sha512-pfOYBOln304d8UHyZ055/F+EAqL0gAW30PeN0qiPBDjcd4PEphM6i7mUMBoVNsa7lfhI8TJBdmh7Mm2uICuMEA==}
    engines: {node: '>=18'}

  '@discordjs/builders@1.8.2':
    resolution: {integrity: sha512-6wvG3QaCjtMu0xnle4SoOIeFB4y6fKMN6WZfy3BMKJdQQtPLik8KGzDwBVL/+wTtcE/ZlFjgEk74GublyEVZ7g==}
    engines: {node: '>=16.11.0'}

  '@discordjs/collection@2.1.0':
    resolution: {integrity: sha512-mLcTACtXUuVgutoznkh6hS3UFqYirDYAg5Dc1m8xn6OvPjetnUlf/xjtqnnc47OwWdaoCQnHmHh9KofhD6uRqw==}
    engines: {node: '>=18'}

  '@discordjs/core@1.2.0':
    resolution: {integrity: sha512-Swnw6OJXkY+n+Kh/HjAsC52poaxSRRr+vFO7EzPtKJ7MF+3KyhfvsN2r4bH5NTvossoHPExw3Pcq+9pKwmK8/Q==}
    engines: {node: '>=18'}

  '@discordjs/formatters@0.4.0':
    resolution: {integrity: sha512-fJ06TLC1NiruF35470q3Nr1bi95BdvKFAF+T5bNfZJ4bNdqZ3VZ+Ttg6SThqTxm6qumSG3choxLBHMC69WXNXQ==}
    engines: {node: '>=16.11.0'}

  '@discordjs/rest@2.3.0':
    resolution: {integrity: sha512-C1kAJK8aSYRv3ZwMG8cvrrW4GN0g5eMdP8AuN8ODH5DyOCbHgJspze1my3xHOAgwLJdKUbWNVyAeJ9cEdduqIg==}
    engines: {node: '>=16.11.0'}

  '@discordjs/util@1.1.0':
    resolution: {integrity: sha512-IndcI5hzlNZ7GS96RV3Xw1R2kaDuXEp7tRIy/KlhidpN/BQ1qh1NZt3377dMLTa44xDUNKT7hnXkA/oUAzD/lg==}
    engines: {node: '>=16.11.0'}

  '@discordjs/ws@1.1.1':
    resolution: {integrity: sha512-PZ+vLpxGCRtmr2RMkqh8Zp+BenUaJqlS6xhgWKEZcgC/vfHLEzpHtKkB0sl3nZWpwtcKk6YWy+pU3okL2I97FA==}
    engines: {node: '>=16.11.0'}

  '@ioredis/commands@1.2.0':
    resolution: {integrity: sha512-Sx1pU8EM64o2BrqNpEO1CNLtKQwyhuXuqyfH7oGKCk+1a33d2r5saW8zNwm3j6BTExtjrv2BxTgzzkMwts6vGg==}

  '@msgpack/msgpack@3.0.0-beta2':
    resolution: {integrity: sha512-y+l1PNV0XDyY8sM3YtuMLK5vE3/hkfId+Do8pLo/OPxfxuFAUwcGz3oiiUuV46/aBpwTzZ+mRWVMtlSKbradhw==}
    engines: {node: '>= 14'}

  '@prisma/client@5.19.1':
    resolution: {integrity: sha512-x30GFguInsgt+4z5I4WbkZP2CGpotJMUXy+Gl/aaUjHn2o1DnLYNTA+q9XdYmAQZM8fIIkvUiA2NpgosM3fneg==}
    engines: {node: '>=16.13'}
    peerDependencies:
      prisma: '*'
    peerDependenciesMeta:
      prisma:
        optional: true

  '@prisma/debug@5.19.1':
    resolution: {integrity: sha512-lAG6A6QnG2AskAukIEucYJZxxcSqKsMK74ZFVfCTOM/7UiyJQi48v6TQ47d6qKG3LbMslqOvnTX25dj/qvclGg==}

  '@prisma/engines-version@5.19.1-2.69d742ee20b815d88e17e54db4a2a7a3b30324e3':
    resolution: {integrity: sha512-xR6rt+z5LnNqTP5BBc+8+ySgf4WNMimOKXRn6xfNRDSpHvbOEmd7+qAOmzCrddEc4Cp8nFC0txU14dstjH7FXA==}

  '@prisma/engines@5.19.1':
    resolution: {integrity: sha512-kR/PoxZDrfUmbbXqqb8SlBBgCjvGaJYMCOe189PEYzq9rKqitQ2fvT/VJ8PDSe8tTNxhc2KzsCfCAL+Iwm/7Cg==}

  '@prisma/fetch-engine@5.19.1':
    resolution: {integrity: sha512-pCq74rtlOVJfn4pLmdJj+eI4P7w2dugOnnTXpRilP/6n5b2aZiA4ulJlE0ddCbTPkfHmOL9BfaRgA8o+1rfdHw==}

  '@prisma/get-platform@5.19.1':
    resolution: {integrity: sha512-sCeoJ+7yt0UjnR+AXZL7vXlg5eNxaFOwC23h0KvW1YIXUoa7+W2ZcAUhoEQBmJTW4GrFqCuZ8YSP0mkDa4k3Zg==}

  '@sapphire/async-queue@1.5.3':
    resolution: {integrity: sha512-x7zadcfJGxFka1Q3f8gCts1F0xMwCKbZweM85xECGI0hBTeIZJGGCrHgLggihBoprlQ/hBmDR5LKfIPqnmHM3w==}
    engines: {node: '>=v14.0.0', npm: '>=7.0.0'}

  '@sapphire/shapeshift@3.9.7':
    resolution: {integrity: sha512-4It2mxPSr4OGn4HSQWGmhFMsNFGfFVhWeRPCRwbH972Ek2pzfGRZtb0pJ4Ze6oIzcyh2jw7nUDa6qGlWofgd9g==}
    engines: {node: '>=v16'}

  '@sapphire/snowflake@3.5.3':
    resolution: {integrity: sha512-jjmJywLAFoWeBi1W7994zZyiNWPIiqRRNAmSERxyg93xRGzNYvGjlZ0gR6x0F4gPRi2+0O6S71kOZYyr3cxaIQ==}
    engines: {node: '>=v14.0.0', npm: '>=7.0.0'}

  '@types/node@22.5.0':
    resolution: {integrity: sha512-DkFrJOe+rfdHTqqMg0bSNlGlQ85hSoh2TPzZyhHsXnMtligRWpxUySiyw8FY14ITt24HVCiQPWxS3KO/QlGmWg==}

  '@types/ws@8.5.12':
    resolution: {integrity: sha512-3tPRkv1EtkDpzlgyKyI8pGsGZAGPEaXeu0DOj5DI25Ja91bdAYddYHbADRYVrZMRbfW+1l5YwXVDKohDJNQxkQ==}

  '@vladfrangu/async_event_emitter@2.4.6':
    resolution: {integrity: sha512-RaI5qZo6D2CVS6sTHFKg1v5Ohq/+Bo2LZ5gzUEwZ/WkHhwtGTCB/sVLw8ijOkAUxasZ+WshN/Rzj4ywsABJ5ZA==}
    engines: {node: '>=v14.0.0', npm: '>=7.0.0'}

  bufferutil@4.0.8:
    resolution: {integrity: sha512-4T53u4PdgsXqKaIctwF8ifXlRTTmEPJ8iEPWFdGZvcf7sbwYo6FKFEX9eNNAnzFZ7EzJAQ3CJeOtCRA4rDp7Pw==}
    engines: {node: '>=6.14.2'}

  chalk@5.3.0:
    resolution: {integrity: sha512-dLitG79d+GV1Nb/VYcCDFivJeK1hiukt9QjRNVOsUtTy1rR1YJsmpGGTZ3qJos+uw7WmWF4wUwBd9jxjocFC2w==}
    engines: {node: ^12.17.0 || ^14.13 || >=16.0.0}

  cluster-key-slot@1.1.2:
    resolution: {integrity: sha512-RMr0FhtfXemyinomL4hrWcYJxmX6deFdCxpJzhDttxgO1+bcCnkk+9drydLVDmAMG7NE6aN/fl4F7ucU/90gAA==}
    engines: {node: '>=0.10.0'}

  debug@4.3.6:
    resolution: {integrity: sha512-O/09Bd4Z1fBrU4VzkhFqVgpPzaGbw6Sm9FEkBT1A/YBXQFGuuSxa1dN2nxgxS34JmKXqYx8CZAwEVoJFImUXIg==}
    engines: {node: '>=6.0'}
    peerDependencies:
      supports-color: '*'
    peerDependenciesMeta:
      supports-color:
        optional: true

  denque@2.1.0:
    resolution: {integrity: sha512-HVQE3AAb/pxF8fQAoiqpvg9i3evqug3hoiwakOyZAwJm+6vZehbkYXZ0l4JxS+I3QxM97v5aaRNhj8v5oBhekw==}
    engines: {node: '>=0.10'}

  discord-api-types@0.37.83:
    resolution: {integrity: sha512-urGGYeWtWNYMKnYlZnOnDHm8fVRffQs3U0SpE8RHeiuLKb/u92APS8HoQnPTFbnXmY1vVnXjXO4dOxcAn3J+DA==}

  discord-api-types@0.37.97:
    resolution: {integrity: sha512-No1BXPcVkyVD4ZVmbNgDKaBoqgeQ+FJpzZ8wqHkfmBnTZig1FcH3iPPersiK1TUIAzgClh2IvOuVUYfcWLQAOA==}

  fast-deep-equal@3.1.3:
    resolution: {integrity: sha512-f3qQ9oQy9j2AhBe/H9VC91wLmKBCCU/gDOnKNAYG5hswO7BLKj09Hc5HYNz9cGI++xlpDCIgDaitVs03ATR84Q==}

  fsevents@2.3.3:
    resolution: {integrity: sha512-5xoDfX+fL7faATnagmWPpbFtwh/R77WmMMqqHGS65C3vvB0YHrgF+B1YmZ3441tMj5n63k0212XNoJwzlhffQw==}
    engines: {node: ^8.16.0 || ^10.6.0 || >=11.0.0}
    os: [darwin]

  ioredis@5.4.1:
    resolution: {integrity: sha512-2YZsvl7jopIa1gaePkeMtd9rAcSjOOjPtpcLlOeusyO+XH2SK5ZcT+UCrElPP+WVIInh2TzeI4XW9ENaSLVVHA==}
    engines: {node: '>=12.22.0'}

  lefthook-darwin-arm64@1.7.14:
    resolution: {integrity: sha512-3hNr04A8DSYZk0RBTdu8D/kkE3FHiNnexAEvuFOqLuf3EQhrrX1wxclGO0+tIk3s7nyh+iqpV69Xd+cb4Fnvpw==}
    cpu: [arm64]
    os: [darwin]

  lefthook-darwin-x64@1.7.14:
    resolution: {integrity: sha512-cXVsxTS2IRKKRyYFEMjAxf0a/31M1PkiNAjlJPXQPoAxxC1rbsvkxWL8vXhH4P0AL18zSYVBf9aTktYArgQGuA==}
    cpu: [x64]
    os: [darwin]

  lefthook-freebsd-arm64@1.7.14:
    resolution: {integrity: sha512-rhx2ZkbWD6SkOXLc5/xyN1fu0uL9MLYBYKKg5T0rLRVwqqr9aYKZ+1Rru/5oL8utH1qkQyiwQkcjnKkyHwSjPg==}
    cpu: [arm64]
    os: [freebsd]

  lefthook-freebsd-x64@1.7.14:
    resolution: {integrity: sha512-WeVPDm7JB1Crchc7OQ3uLiRfLlhwwX3N2662DPguMresps2r79dUO97LhHMzd+l1RKIqZIgnU+j5fKFI+cmw4w==}
    cpu: [x64]
    os: [freebsd]

  lefthook-linux-arm64@1.7.14:
    resolution: {integrity: sha512-IUvxJBfLDVComNc1Djk4VYUJsSAtdwfTvwpNxfaG2qb31VNvF6PPdp43bgpgqzV8O0KDCMm/sn0hlZ00GTuy2A==}
    cpu: [arm64]
    os: [linux]

  lefthook-linux-x64@1.7.14:
    resolution: {integrity: sha512-jCNjVk+9iaFSwlFH4RM7SI05tpdty0vPzSTsABXUQwdmKdt1hPWhnUsEhCU03ik33UmpfmXUK9pLFgStT7W5rw==}
    cpu: [x64]
    os: [linux]

  lefthook-openbsd-arm64@1.7.14:
    resolution: {integrity: sha512-Mq5GgjzDMiFin+Ucm52nizvvDQM1o+MnL/P+FDbBq253BIJGDJK+qEuQBgEQndE9bUyAP4qiHb+R6jz5fbpAlA==}
    cpu: [arm64]
    os: [openbsd]

  lefthook-openbsd-x64@1.7.14:
    resolution: {integrity: sha512-enbPte9MAYU2JHkcvUBRJrXI6JMVcQqJHN+F8yKOJLFBnthoR0ZUuSTzqAMOivj/wgncHkYPqOWIo1UfB+HpGw==}
    cpu: [x64]
    os: [openbsd]

  lefthook-windows-arm64@1.7.14:
    resolution: {integrity: sha512-M9QbTs+Je0SRKC2c/0X8OQsme6glFrKxQoxWMFCN02S6nNLiHqP4vsHphJFU+wnAwv4KE8I1YKT5iMxde0Ejlg==}
    cpu: [arm64]
    os: [win32]

  lefthook-windows-x64@1.7.14:
    resolution: {integrity: sha512-40Mx+a44kPZUF/AXV45EIgw03FANTXMFDBR1Ib8qYbSaf1cWqJtfeQs9R5Ea0EdqxXkGprzwZ+yUFFjjfOFIoQ==}
    cpu: [x64]
    os: [win32]

  lefthook@1.7.14:
    resolution: {integrity: sha512-GIMJm3HPksrHyXgu9OYX3r9QKM10hxoeiI45+7KhJKvAWChDtGqMZ5EPQuTMVsXu5IwggQL9QJLhDfk54WOXEw==}
    hasBin: true

  lodash.defaults@4.2.0:
    resolution: {integrity: sha512-qjxPLHd3r5DnsdGacqOMU6pb/avJzdh9tFX2ymgoZE27BmjXrNy/y4LoaiTeAb+O3gL8AfpJGtqfX/ae2leYYQ==}

  lodash.isarguments@3.1.0:
    resolution: {integrity: sha512-chi4NHZlZqZD18a0imDHnZPrDeBbTtVN7GXMwuGdRH9qotxAjYs3aVLKc7zNOG9eddR5Ksd8rvFEBc9SsggPpg==}

  lodash@4.17.21:
    resolution: {integrity: sha512-v2kDEe57lecTulaDIuNTPy3Ry4gLGJ6Z1O3vE1krgXZNrsQ+LFTGHVxVjcXPs17LhbZVGedAJv8XZ1tvj5FvSg==}

  magic-bytes.js@1.10.0:
    resolution: {integrity: sha512-/k20Lg2q8LE5xiaaSkMXk4sfvI+9EGEykFS4b0CHHGWqDYU0bGUFSwchNOMA56D7TCs9GwVTkqe9als1/ns8UQ==}

  ms@2.1.2:
    resolution: {integrity: sha512-sGkPx+VjMtmA6MX27oA4FBFELFCZZ4S4XqeGOXCv68tT+jb3vk/RyaKWP0PTKyWtmLSM0b+adUTEvbs1PEaH2w==}

  node-gyp-build@4.8.1:
    resolution: {integrity: sha512-OSs33Z9yWr148JZcbZd5WiAXhh/n9z8TxQcdMhIOlpN9AhWpLfvVFO73+m77bBABQMaY9XSvIa+qk0jlI7Gcaw==}
    hasBin: true

  pg-cloudflare@1.1.1:
    resolution: {integrity: sha512-xWPagP/4B6BgFO+EKz3JONXv3YDgvkbVrGw2mTo3D6tVDQRh1e7cqVGvyR3BE+eQgAvx1XhW/iEASj4/jCWl3Q==}

  pg-connection-string@2.6.4:
    resolution: {integrity: sha512-v+Z7W/0EO707aNMaAEfiGnGL9sxxumwLl2fJvCQtMn9Fxsg+lPpPkdcyBSv/KFgpGdYkMfn+EI1Or2EHjpgLCA==}

  pg-int8@1.0.1:
    resolution: {integrity: sha512-WCtabS6t3c8SkpDBUlb1kjOs7l66xsGdKpIPZsg4wR+B3+u9UAum2odSsF9tnvxg80h4ZxLWMy4pRjOsFIqQpw==}
    engines: {node: '>=4.0.0'}

  pg-pool@3.6.2:
    resolution: {integrity: sha512-Htjbg8BlwXqSBQ9V8Vjtc+vzf/6fVUuak/3/XXKA9oxZprwW3IMDQTGHP+KDmVL7rtd+R1QjbnCFPuTHm3G4hg==}
    peerDependencies:
      pg: '>=8.0'

  pg-protocol@1.6.1:
    resolution: {integrity: sha512-jPIlvgoD63hrEuihvIg+tJhoGjUsLPn6poJY9N5CnlPd91c2T18T/9zBtLxZSb1EhYxBRoZJtzScCaWlYLtktg==}

  pg-types@2.2.0:
    resolution: {integrity: sha512-qTAAlrEsl8s4OiEQY69wDvcMIdQN6wdz5ojQiOy6YRMuynxenON0O5oCpJI6lshc6scgAY8qvJ2On/p+CXY0GA==}
    engines: {node: '>=4'}

  pg@8.12.0:
    resolution: {integrity: sha512-A+LHUSnwnxrnL/tZ+OLfqR1SxLN3c/pgDztZ47Rpbsd4jUytsTtwQo/TLPRzPJMp/1pbhYVhH9cuSZLAajNfjQ==}
    engines: {node: '>= 8.0.0'}
    peerDependencies:
      pg-native: '>=3.0.1'
    peerDependenciesMeta:
      pg-native:
        optional: true

  pgpass@1.0.5:
    resolution: {integrity: sha512-FdW9r/jQZhSeohs1Z3sI1yxFQNFvMcnmfuj4WBMUTxOrAyLMaTcE1aAMBiTlbMNaXvBCQuVi0R7hd8udDSP7ug==}

  postgres-array@2.0.0:
    resolution: {integrity: sha512-VpZrUqU5A69eQyW2c5CA1jtLecCsN2U/bD6VilrFDWq5+5UIEVO7nazS3TEcHf1zuPYO/sqGvUvW62g86RXZuA==}
    engines: {node: '>=4'}

  postgres-bytea@1.0.0:
    resolution: {integrity: sha512-xy3pmLuQqRBZBXDULy7KbaitYqLcmxigw14Q5sj8QBVLqEwXfeybIKVWiqAXTlcvdvb0+xkOtDbfQMOf4lST1w==}
    engines: {node: '>=0.10.0'}

  postgres-date@1.0.7:
    resolution: {integrity: sha512-suDmjLVQg78nMK2UZ454hAG+OAW+HQPZ6n++TNDUX+L0+uUlLywnoxJKDou51Zm+zTCjrCl0Nq6J9C5hP9vK/Q==}
    engines: {node: '>=0.10.0'}

  postgres-interval@1.2.0:
    resolution: {integrity: sha512-9ZhXKM/rw350N1ovuWHbGxnGh/SNJ4cnxHiM0rxE4VN41wsg8P8zWn9hv/buK00RP4WvlOyr/RBDiptyxVbkZQ==}
    engines: {node: '>=0.10.0'}

  prisma@5.19.1:
    resolution: {integrity: sha512-c5K9MiDaa+VAAyh1OiYk76PXOme9s3E992D7kvvIOhCrNsBQfy2mP2QAQtX0WNj140IgG++12kwZpYB9iIydNQ==}
    engines: {node: '>=16.13'}
    hasBin: true

  redis-errors@1.2.0:
    resolution: {integrity: sha512-1qny3OExCf0UvUV/5wpYKf2YwPcOqXzkwKKSmKHiE6ZMQs5heeE/c8eXK+PNllPvmjgAbfnsbpkGZWy8cBpn9w==}
    engines: {node: '>=4'}

  redis-parser@3.0.0:
    resolution: {integrity: sha512-DJnGAeenTdpMEH6uAJRK/uiyEIH9WVsUmoLwzudwGJUwZPp80PDBWPHXSAGNPwNvIXAbe7MSUB1zQFugFml66A==}
    engines: {node: '>=4'}

  split2@4.2.0:
    resolution: {integrity: sha512-UcjcJOWknrNkF6PLX83qcHM6KHgVKNkV62Y8a5uYDVv9ydGQVwAHMKqHdJje1VTWpljG0WYpCDhrCdAOYH4TWg==}
    engines: {node: '>= 10.x'}

  standard-as-callback@2.1.0:
    resolution: {integrity: sha512-qoRRSyROncaz1z0mvYqIE4lCd9p2R90i6GxW3uZv5ucSu8tU7B5HXUP1gG8pVZsYNVaXjk8ClXHPttLyxAL48A==}

  ts-mixer@6.0.4:
    resolution: {integrity: sha512-ufKpbmrugz5Aou4wcr5Wc1UUFWOLhq+Fm6qa6P0w0K5Qw2yhaUoiWszhCVuNQyNwrlGiscHOmqYoAox1PtvgjA==}

  tslib@2.7.0:
    resolution: {integrity: sha512-gLXCKdN1/j47AiHiOkJN69hJmcbGTHI0ImLmbYLHykhgeN0jVGola9yVjFgzCUklsZQMW55o+dW7IXv3RCXDzA==}

  typescript@5.5.4:
    resolution: {integrity: sha512-Mtq29sKDAEYP7aljRgtPOpTvOfbwRWlS6dPRzwjdE+C0R4brX/GUyhHSecbHMFLNBLcJIPt9nl9yG5TZ1weH+Q==}
    engines: {node: '>=14.17'}
    hasBin: true

  undici-types@6.19.8:
    resolution: {integrity: sha512-ve2KP6f/JnbPBFyobGHuerC9g1FYGn/F8n1LWTwNxCEzd6IfqTwUQcNXgEtmmQ6DlRrC1hrSrBnCZPokRrDHjw==}

  undici@6.13.0:
    resolution: {integrity: sha512-Q2rtqmZWrbP8nePMq7mOJIN98M0fYvSgV89vwl/BQRT4mDOeY2GXZngfGpcBBhtky3woM7G24wZV3Q304Bv6cw==}
    engines: {node: '>=18.0'}

  ws@8.18.0:
    resolution: {integrity: sha512-8VbfWfHLbbwu3+N6OKsOMpBdT4kXPDDB9cJk2bJ6mh9ucxdlnNvH1e+roYkKmN9Nxw2yjz7VzeO9oOz2zJ04Pw==}
    engines: {node: '>=10.0.0'}
    peerDependencies:
      bufferutil: ^4.0.1
      utf-8-validate: '>=5.0.2'
    peerDependenciesMeta:
      bufferutil:
        optional: true
      utf-8-validate:
        optional: true

  xtend@4.0.2:
    resolution: {integrity: sha512-LKYU1iAXJXUgAXn9URjiu+MWhyUXHsvfp7mcuYm9dSUKK0/CjtrUwFAxD82/mCWbtLsGjFIad0wIsod4zrTAEQ==}
    engines: {node: '>=0.4'}

  zod@3.23.8:
    resolution: {integrity: sha512-XBx9AXhXktjUqnepgTiE5flcKIYWi/rme0Eaj+5Y0lftuGBq+jyRu/md4WnuxqgP1ubdpNCsYEYPxrzVHD8d6g==}

snapshots:

  '@biomejs/biome@1.8.3':
    optionalDependencies:
      '@biomejs/cli-darwin-arm64': 1.8.3
      '@biomejs/cli-darwin-x64': 1.8.3
      '@biomejs/cli-linux-arm64': 1.8.3
      '@biomejs/cli-linux-arm64-musl': 1.8.3
      '@biomejs/cli-linux-x64': 1.8.3
      '@biomejs/cli-linux-x64-musl': 1.8.3
      '@biomejs/cli-win32-arm64': 1.8.3
      '@biomejs/cli-win32-x64': 1.8.3

  '@biomejs/cli-darwin-arm64@1.8.3':
    optional: true

  '@biomejs/cli-darwin-x64@1.8.3':
    optional: true

  '@biomejs/cli-linux-arm64-musl@1.8.3':
    optional: true

  '@biomejs/cli-linux-arm64@1.8.3':
    optional: true

  '@biomejs/cli-linux-x64-musl@1.8.3':
    optional: true

  '@biomejs/cli-linux-x64@1.8.3':
    optional: true

  '@biomejs/cli-win32-arm64@1.8.3':
    optional: true

  '@biomejs/cli-win32-x64@1.8.3':
    optional: true

  '@discordjs/brokers@0.3.0':
    dependencies:
      '@msgpack/msgpack': 3.0.0-beta2
      '@vladfrangu/async_event_emitter': 2.4.6
      ioredis: 5.4.1
    transitivePeerDependencies:
      - supports-color

  '@discordjs/builders@1.8.2':
    dependencies:
      '@discordjs/formatters': 0.4.0
      '@discordjs/util': 1.1.0
      '@sapphire/shapeshift': 3.9.7
      discord-api-types: 0.37.83
      fast-deep-equal: 3.1.3
      ts-mixer: 6.0.4
      tslib: 2.7.0

  '@discordjs/collection@2.1.0': {}

  '@discordjs/core@1.2.0':
    dependencies:
      '@discordjs/rest': 2.3.0
      '@discordjs/util': 1.1.0
      '@discordjs/ws': 1.1.1(bufferutil@4.0.8)
      '@sapphire/snowflake': 3.5.3
      '@vladfrangu/async_event_emitter': 2.4.6
      discord-api-types: 0.37.83
    transitivePeerDependencies:
      - bufferutil
      - utf-8-validate

  '@discordjs/formatters@0.4.0':
    dependencies:
      discord-api-types: 0.37.83

  '@discordjs/rest@2.3.0':
    dependencies:
      '@discordjs/collection': 2.1.0
      '@discordjs/util': 1.1.0
      '@sapphire/async-queue': 1.5.3
      '@sapphire/snowflake': 3.5.3
      '@vladfrangu/async_event_emitter': 2.4.6
      discord-api-types: 0.37.83
      magic-bytes.js: 1.10.0
      tslib: 2.7.0
      undici: 6.13.0

  '@discordjs/util@1.1.0': {}

  '@discordjs/ws@1.1.1(bufferutil@4.0.8)':
    dependencies:
      '@discordjs/collection': 2.1.0
      '@discordjs/rest': 2.3.0
      '@discordjs/util': 1.1.0
      '@sapphire/async-queue': 1.5.3
      '@types/ws': 8.5.12
      '@vladfrangu/async_event_emitter': 2.4.6
      discord-api-types: 0.37.83
      tslib: 2.7.0
      ws: 8.18.0(bufferutil@4.0.8)
    transitivePeerDependencies:
      - bufferutil
      - utf-8-validate

  '@ioredis/commands@1.2.0': {}

  '@msgpack/msgpack@3.0.0-beta2': {}

  '@prisma/client@5.19.1(prisma@5.19.1)':
    optionalDependencies:
      prisma: 5.19.1

  '@prisma/debug@5.19.1': {}

  '@prisma/engines-version@5.19.1-2.69d742ee20b815d88e17e54db4a2a7a3b30324e3': {}

  '@prisma/engines@5.19.1':
    dependencies:
      '@prisma/debug': 5.19.1
      '@prisma/engines-version': 5.19.1-2.69d742ee20b815d88e17e54db4a2a7a3b30324e3
      '@prisma/fetch-engine': 5.19.1
      '@prisma/get-platform': 5.19.1

  '@prisma/fetch-engine@5.19.1':
    dependencies:
      '@prisma/debug': 5.19.1
      '@prisma/engines-version': 5.19.1-2.69d742ee20b815d88e17e54db4a2a7a3b30324e3
      '@prisma/get-platform': 5.19.1

  '@prisma/get-platform@5.19.1':
    dependencies:
      '@prisma/debug': 5.19.1

  '@sapphire/async-queue@1.5.3': {}

  '@sapphire/shapeshift@3.9.7':
    dependencies:
      fast-deep-equal: 3.1.3
      lodash: 4.17.21

  '@sapphire/snowflake@3.5.3': {}

  '@types/node@22.5.0':
    dependencies:
      undici-types: 6.19.8

  '@types/ws@8.5.12':
    dependencies:
      '@types/node': 22.5.0

  '@vladfrangu/async_event_emitter@2.4.6': {}

  bufferutil@4.0.8:
    dependencies:
      node-gyp-build: 4.8.1

  chalk@5.3.0: {}

  cluster-key-slot@1.1.2: {}

  debug@4.3.6:
    dependencies:
      ms: 2.1.2

  denque@2.1.0: {}

  discord-api-types@0.37.83: {}

  discord-api-types@0.37.97: {}

  fast-deep-equal@3.1.3: {}

  fsevents@2.3.3:
    optional: true

  ioredis@5.4.1:
    dependencies:
      '@ioredis/commands': 1.2.0
      cluster-key-slot: 1.1.2
      debug: 4.3.6
      denque: 2.1.0
      lodash.defaults: 4.2.0
      lodash.isarguments: 3.1.0
      redis-errors: 1.2.0
      redis-parser: 3.0.0
      standard-as-callback: 2.1.0
    transitivePeerDependencies:
      - supports-color

  lefthook-darwin-arm64@1.7.14:
    optional: true

  lefthook-darwin-x64@1.7.14:
    optional: true

  lefthook-freebsd-arm64@1.7.14:
    optional: true

  lefthook-freebsd-x64@1.7.14:
    optional: true

  lefthook-linux-arm64@1.7.14:
    optional: true

  lefthook-linux-x64@1.7.14:
    optional: true

  lefthook-openbsd-arm64@1.7.14:
    optional: true

  lefthook-openbsd-x64@1.7.14:
    optional: true

  lefthook-windows-arm64@1.7.14:
    optional: true

  lefthook-windows-x64@1.7.14:
    optional: true

  lefthook@1.7.14:
    optionalDependencies:
      lefthook-darwin-arm64: 1.7.14
      lefthook-darwin-x64: 1.7.14
      lefthook-freebsd-arm64: 1.7.14
      lefthook-freebsd-x64: 1.7.14
      lefthook-linux-arm64: 1.7.14
      lefthook-linux-x64: 1.7.14
      lefthook-openbsd-arm64: 1.7.14
      lefthook-openbsd-x64: 1.7.14
      lefthook-windows-arm64: 1.7.14
      lefthook-windows-x64: 1.7.14

  lodash.defaults@4.2.0: {}

  lodash.isarguments@3.1.0: {}

  lodash@4.17.21: {}

  magic-bytes.js@1.10.0: {}

  ms@2.1.2: {}

  node-gyp-build@4.8.1: {}

  pg-cloudflare@1.1.1:
    optional: true

  pg-connection-string@2.6.4: {}

  pg-int8@1.0.1: {}

  pg-pool@3.6.2(pg@8.12.0):
    dependencies:
      pg: 8.12.0

  pg-protocol@1.6.1: {}

  pg-types@2.2.0:
    dependencies:
      pg-int8: 1.0.1
      postgres-array: 2.0.0
      postgres-bytea: 1.0.0
      postgres-date: 1.0.7
      postgres-interval: 1.2.0

  pg@8.12.0:
    dependencies:
      pg-connection-string: 2.6.4
      pg-pool: 3.6.2(pg@8.12.0)
      pg-protocol: 1.6.1
      pg-types: 2.2.0
      pgpass: 1.0.5
    optionalDependencies:
      pg-cloudflare: 1.1.1

  pgpass@1.0.5:
    dependencies:
      split2: 4.2.0

  postgres-array@2.0.0: {}

  postgres-bytea@1.0.0: {}

  postgres-date@1.0.7: {}

  postgres-interval@1.2.0:
    dependencies:
      xtend: 4.0.2

  prisma@5.19.1:
    dependencies:
      '@prisma/engines': 5.19.1
    optionalDependencies:
      fsevents: 2.3.3

  redis-errors@1.2.0: {}

  redis-parser@3.0.0:
    dependencies:
      redis-errors: 1.2.0

  split2@4.2.0: {}

  standard-as-callback@2.1.0: {}

  ts-mixer@6.0.4: {}

  tslib@2.7.0: {}

  typescript@5.5.4: {}

  undici-types@6.19.8: {}

  undici@6.13.0: {}

  ws@8.18.0(bufferutil@4.0.8):
    optionalDependencies:
      bufferutil: 4.0.8

  xtend@4.0.2: {}

  zod@3.23.8: {}
