lockfileVersion: '9.0'

settings:
  autoInstallPeers: true
  excludeLinksFromLockfile: false

importers:

  .:
    devDependencies:
      '@biomejs/biome':
        specifier: ^1.9.4
        version: 1.9.4
      dotenv-cli:
        specifier: ^8.0.0
        version: 8.0.0
      lefthook:
        specifier: ^1.10.10
        version: 1.10.10
      typescript:
        specifier: ^5.7.3
        version: 5.7.3

  packages/cache:
    devDependencies:
      '@discordjs/ws':
        specifier: ^2.0.1
        version: 2.0.1(bufferutil@4.0.9)
      '@types/node':
        specifier: ^22.12.0
        version: 22.12.0
      core:
        specifier: workspace:*
        version: link:../core
      ioredis:
        specifier: ^5.4.2
        version: 5.4.2

  packages/core:
    dependencies:
      ioredis:
        specifier: ^5.4.2
        version: 5.4.2
      pg:
        specifier: ^8.13.1
        version: 8.13.1
      zod:
        specifier: ^3.24.1
        version: 3.24.1
    devDependencies:
      '@types/node':
        specifier: ^22.12.0
        version: 22.12.0

  packages/database:
    dependencies:
      core:
        specifier: workspace:*
        version: link:../core
      log:
        specifier: workspace:*
        version: link:../logger
    devDependencies:
      '@prisma/client':
        specifier: 6.3.0
        version: 6.3.0(prisma@6.3.0(typescript@5.7.3))(typescript@5.7.3)
      '@types/node':
        specifier: ^22.12.0
        version: 22.12.0
      prisma:
        specifier: ^6.3.0
        version: 6.3.0(typescript@5.7.3)

  packages/gateway:
    dependencies:
      '@discordjs/brokers':
        specifier: ^1.0.0
        version: 1.0.0
      '@discordjs/rest':
        specifier: ^2.4.2
        version: 2.4.2
      '@discordjs/ws':
        specifier: ^2.0.1
        version: 2.0.1(bufferutil@4.0.9)
      bufferutil:
        specifier: ^4.0.9
        version: 4.0.9
      cache:
        specifier: workspace:*
        version: link:../cache
      core:
        specifier: workspace:*
        version: link:../core
      discord-api-types:
        specifier: ^0.37.118
        version: 0.37.118
      ioredis:
        specifier: ^5.4.2
        version: 5.4.2
      log:
        specifier: workspace:*
        version: link:../logger
    devDependencies:
      '@types/node':
        specifier: ^22.12.0
        version: 22.12.0

  packages/handler:
    dependencies:
      '@discordjs/brokers':
        specifier: ^1.0.0
        version: 1.0.0
      '@discordjs/builders':
        specifier: ^1.8.2
        version: 1.10.0
      '@discordjs/core':
        specifier: ^2.0.0
        version: 2.0.1
      '@discordjs/rest':
        specifier: ^2.3.0
        version: 2.4.2
      core:
        specifier: workspace:*
        version: link:../core
      database:
        specifier: workspace:*
        version: link:../database
      discord-api-types:
        specifier: ^0.37.97
        version: 0.37.118
      ioredis:
        specifier: ^5.4.1
        version: 5.4.2
      log:
        specifier: workspace:*
        version: link:../logger
      zod:
        specifier: ^3.23.8
        version: 3.24.1
    devDependencies:
      '@types/node':
        specifier: ^22.5.0
        version: 22.12.0

  packages/logger:
    dependencies:
      chalk:
        specifier: ^5.4.1
        version: 5.4.1
      core:
        specifier: workspace:*
        version: link:../core
    devDependencies:
      '@types/node':
        specifier: ^22.12.0
        version: 22.12.0

packages:

  '@biomejs/biome@1.9.4':
    resolution: {integrity: sha512-1rkd7G70+o9KkTn5KLmDYXihGoTaIGO9PIIN2ZB7UJxFrWw04CZHPYiMRjYsaDvVV7hP1dYNRLxSANLaBFGpog==}
    engines: {node: '>=14.21.3'}
    hasBin: true

  '@biomejs/cli-darwin-arm64@1.9.4':
    resolution: {integrity: sha512-bFBsPWrNvkdKrNCYeAp+xo2HecOGPAy9WyNyB/jKnnedgzl4W4Hb9ZMzYNbf8dMCGmUdSavlYHiR01QaYR58cw==}
    engines: {node: '>=14.21.3'}
    cpu: [arm64]
    os: [darwin]

  '@biomejs/cli-darwin-x64@1.9.4':
    resolution: {integrity: sha512-ngYBh/+bEedqkSevPVhLP4QfVPCpb+4BBe2p7Xs32dBgs7rh9nY2AIYUL6BgLw1JVXV8GlpKmb/hNiuIxfPfZg==}
    engines: {node: '>=14.21.3'}
    cpu: [x64]
    os: [darwin]

  '@biomejs/cli-linux-arm64-musl@1.9.4':
    resolution: {integrity: sha512-v665Ct9WCRjGa8+kTr0CzApU0+XXtRgwmzIf1SeKSGAv+2scAlW6JR5PMFo6FzqqZ64Po79cKODKf3/AAmECqA==}
    engines: {node: '>=14.21.3'}
    cpu: [arm64]
    os: [linux]

  '@biomejs/cli-linux-arm64@1.9.4':
    resolution: {integrity: sha512-fJIW0+LYujdjUgJJuwesP4EjIBl/N/TcOX3IvIHJQNsAqvV2CHIogsmA94BPG6jZATS4Hi+xv4SkBBQSt1N4/g==}
    engines: {node: '>=14.21.3'}
    cpu: [arm64]
    os: [linux]

  '@biomejs/cli-linux-x64-musl@1.9.4':
    resolution: {integrity: sha512-gEhi/jSBhZ2m6wjV530Yy8+fNqG8PAinM3oV7CyO+6c3CEh16Eizm21uHVsyVBEB6RIM8JHIl6AGYCv6Q6Q9Tg==}
    engines: {node: '>=14.21.3'}
    cpu: [x64]
    os: [linux]

  '@biomejs/cli-linux-x64@1.9.4':
    resolution: {integrity: sha512-lRCJv/Vi3Vlwmbd6K+oQ0KhLHMAysN8lXoCI7XeHlxaajk06u7G+UsFSO01NAs5iYuWKmVZjmiOzJ0OJmGsMwg==}
    engines: {node: '>=14.21.3'}
    cpu: [x64]
    os: [linux]

  '@biomejs/cli-win32-arm64@1.9.4':
    resolution: {integrity: sha512-tlbhLk+WXZmgwoIKwHIHEBZUwxml7bRJgk0X2sPyNR3S93cdRq6XulAZRQJ17FYGGzWne0fgrXBKpl7l4M87Hg==}
    engines: {node: '>=14.21.3'}
    cpu: [arm64]
    os: [win32]

  '@biomejs/cli-win32-x64@1.9.4':
    resolution: {integrity: sha512-8Y5wMhVIPaWe6jw2H+KlEm4wP/f7EW3810ZLmDlrEEy5KvBsb9ECEfu/kMWD484ijfQ8+nIi0giMgu9g1UAuuA==}
    engines: {node: '>=14.21.3'}
    cpu: [x64]
    os: [win32]

  '@discordjs/brokers@1.0.0':
    resolution: {integrity: sha512-cZnkTnmsIlW4G4j5i+h6N/j96uWypVE6QYNckodlp/gTd4EHUZAMRrSsLGuqPra7A1ZXdGlmgf8R7UMttPCRtA==}
    engines: {node: '>=20'}

  '@discordjs/builders@1.10.0':
    resolution: {integrity: sha512-ikVZsZP+3shmVJ5S1oM+7SveUCK3L9fTyfA8aJ7uD9cNQlTqF+3Irbk2Y22KXTb3C3RNUahRkSInClJMkHrINg==}
    engines: {node: '>=16.11.0'}

  '@discordjs/collection@2.1.1':
    resolution: {integrity: sha512-LiSusze9Tc7qF03sLCujF5iZp7K+vRNEDBZ86FT9aQAv3vxMLihUvKvpsCWiQ2DJq1tVckopKm1rxomgNUc9hg==}
    engines: {node: '>=18'}

  '@discordjs/core@2.0.1':
    resolution: {integrity: sha512-tj//rnPhdniq+Clxq0tq5wI7QTMH4IgyXkUFI32+ashIRpFJ1+J1btNG3FA74oATFu2sYy/zT9CKLWW4jp2RGQ==}
    engines: {node: '>=20'}

  '@discordjs/formatters@0.6.0':
    resolution: {integrity: sha512-YIruKw4UILt/ivO4uISmrGq2GdMY6EkoTtD0oS0GvkJFRZbTSdPhzYiUILbJ/QslsvC9H9nTgGgnarnIl4jMfw==}
    engines: {node: '>=16.11.0'}

  '@discordjs/rest@2.4.2':
    resolution: {integrity: sha512-9bOvXYLQd5IBg/kKGuEFq3cstVxAMJ6wMxO2U3wjrgO+lHv8oNCT+BBRpuzVQh7BoXKvk/gpajceGvQUiRoJ8g==}
    engines: {node: '>=18'}

  '@discordjs/util@1.1.1':
    resolution: {integrity: sha512-eddz6UnOBEB1oITPinyrB2Pttej49M9FZQY8NxgEvc3tq6ZICZ19m70RsmzRdDHk80O9NoYN/25AqJl8vPVf/g==}
    engines: {node: '>=18'}

  '@discordjs/ws@2.0.1':
    resolution: {integrity: sha512-5etVbXdwThIT5+KfU+uiBh358Ql58f2vf1W9B5ZXxaZuIlpiX/VC/G0Lr/xuEcs6cL+/HZtEIUf0p9dQfEDang==}
    engines: {node: '>=20'}

  '@ioredis/commands@1.2.0':
    resolution: {integrity: sha512-Sx1pU8EM64o2BrqNpEO1CNLtKQwyhuXuqyfH7oGKCk+1a33d2r5saW8zNwm3j6BTExtjrv2BxTgzzkMwts6vGg==}

  '@msgpack/msgpack@3.0.0-beta3':
    resolution: {integrity: sha512-LZYWBmrkKO0quyjnJCeSaqHOcsuZUvE+hlIYRqFc0qI27dLnsOdnv8Fsj2cyitzQTJZmCPm53vZ/P8QTH7E84A==}
    engines: {node: '>= 18'}

  '@prisma/client@6.3.0':
    resolution: {integrity: sha512-BY3Fi28PUSk447Bpv22LhZp4HgNPo7NsEN+EteM1CLDnLjig5863jpW+3c3HHLFmml+nB/eJv1CjSriFZ8z7Cg==}
    engines: {node: '>=18.18'}
    peerDependencies:
      prisma: '*'
      typescript: '>=5.1.0'
    peerDependenciesMeta:
      prisma:
        optional: true
      typescript:
        optional: true

  '@prisma/debug@6.3.0':
    resolution: {integrity: sha512-m1lQv//0Rc5RG8TBpNUuLCxC35Ghi5XfpPmL83Gh04/GICHD2J5H2ndMlaljrUNaQDF9dOxIuFAYP1rE9wkXkg==}

  '@prisma/engines-version@6.3.0-17.acc0b9dd43eb689cbd20c9470515d719db10d0b0':
    resolution: {integrity: sha512-R/ZcMuaWZT2UBmgX3Ko6PAV3f8//ZzsjRIG1eKqp3f2rqEqVtCv+mtzuH2rBPUC9ujJ5kCb9wwpxeyCkLcHVyA==}

  '@prisma/engines@6.3.0':
    resolution: {integrity: sha512-RXqYhlZb9sx/xkUfYIZuEPn7sT0WgTxNOuEYQ7AGw3IMpP9QGVEDVsluc/GcNkM8NTJszeqk8AplJzI9lm7Jxw==}

  '@prisma/fetch-engine@6.3.0':
    resolution: {integrity: sha512-GBy0iT4f1mH31ePzfcpVSUa7JLRTeq4914FG2vR3LqDwRweSm4ja1o5flGDz+eVIa/BNYfkBvRRxv4D6ve6Eew==}

  '@prisma/get-platform@6.3.0':
    resolution: {integrity: sha512-V8zZ1d0xfyi6FjpNP4AcYuwSpGcdmu35OXWnTPm8IW594PYALzKXHwIa9+o0f+Lo9AecFWrwrwaoYe56UNfTtQ==}

  '@sapphire/async-queue@1.5.5':
    resolution: {integrity: sha512-cvGzxbba6sav2zZkH8GPf2oGk9yYoD5qrNWdu9fRehifgnFZJMV+nuy2nON2roRO4yQQ+v7MK/Pktl/HgfsUXg==}
    engines: {node: '>=v14.0.0', npm: '>=7.0.0'}

  '@sapphire/shapeshift@4.0.0':
    resolution: {integrity: sha512-d9dUmWVA7MMiKobL3VpLF8P2aeanRTu6ypG2OIaEv/ZHH/SUQ2iHOVyi5wAPjQ+HmnMuL0whK9ez8I/raWbtIg==}
    engines: {node: '>=v16'}

  '@sapphire/snowflake@3.5.5':
    resolution: {integrity: sha512-xzvBr1Q1c4lCe7i6sRnrofxeO1QTP/LKQ6A6qy0iB4x5yfiSfARMEQEghojzTNALDTcv8En04qYNIco9/K9eZQ==}
    engines: {node: '>=v14.0.0', npm: '>=7.0.0'}

  '@types/node@22.12.0':
    resolution: {integrity: sha512-Fll2FZ1riMjNmlmJOdAyY5pUbkftXslB5DgEzlIuNaiWhXd00FhWxVC/r4yV/4wBb9JfImTu+jiSvXTkJ7F/gA==}

  '@types/ws@8.5.14':
    resolution: {integrity: sha512-bd/YFLW+URhBzMXurx7lWByOu+xzU9+kb3RboOteXYDfW+tr+JZa99OyNmPINEGB/ahzKrEuc8rcv4gnpJmxTw==}

  '@vladfrangu/async_event_emitter@2.4.6':
    resolution: {integrity: sha512-RaI5qZo6D2CVS6sTHFKg1v5Ohq/+Bo2LZ5gzUEwZ/WkHhwtGTCB/sVLw8ijOkAUxasZ+WshN/Rzj4ywsABJ5ZA==}
    engines: {node: '>=v14.0.0', npm: '>=7.0.0'}

  bufferutil@4.0.9:
    resolution: {integrity: sha512-WDtdLmJvAuNNPzByAYpRo2rF1Mmradw6gvWsQKf63476DDXmomT9zUiGypLcG4ibIM67vhAj8jJRdbmEws2Aqw==}
    engines: {node: '>=6.14.2'}

  chalk@5.4.1:
    resolution: {integrity: sha512-zgVZuo2WcZgfUEmsn6eO3kINexW8RAE4maiQ8QNs8CtpPCSyMiYsULR3HQYkm3w8FIA3SberyMJMSldGsW+U3w==}
    engines: {node: ^12.17.0 || ^14.13 || >=16.0.0}

  cluster-key-slot@1.1.2:
    resolution: {integrity: sha512-RMr0FhtfXemyinomL4hrWcYJxmX6deFdCxpJzhDttxgO1+bcCnkk+9drydLVDmAMG7NE6aN/fl4F7ucU/90gAA==}
    engines: {node: '>=0.10.0'}

  cross-spawn@7.0.6:
    resolution: {integrity: sha512-uV2QOWP2nWzsy2aMp8aRibhi9dlzF5Hgh5SHaB9OiTGEyDTiJJyx0uy51QXdyWbtAHNua4XJzUKca3OzKUd3vA==}
    engines: {node: '>= 8'}

  debug@4.4.0:
    resolution: {integrity: sha512-6WTZ/IxCY/T6BALoZHaE4ctp9xm+Z5kY/pzYaCHRFeyVhojxlrm+46y68HA6hr0TcwEssoxNiDEUJQjfPZ/RYA==}
    engines: {node: '>=6.0'}
    peerDependencies:
      supports-color: '*'
    peerDependenciesMeta:
      supports-color:
        optional: true

  denque@2.1.0:
    resolution: {integrity: sha512-HVQE3AAb/pxF8fQAoiqpvg9i3evqug3hoiwakOyZAwJm+6vZehbkYXZ0l4JxS+I3QxM97v5aaRNhj8v5oBhekw==}
    engines: {node: '>=0.10'}

  discord-api-types@0.37.118:
    resolution: {integrity: sha512-MQkHHZcytmNQ3nQOBj6a0z38swsmHiROX7hdayfd0eWVrLxaQp/6tWBZ7FO2MCKKsc+W3QWnnfOJTbtyk8C4TQ==}

  dotenv-cli@8.0.0:
    resolution: {integrity: sha512-aLqYbK7xKOiTMIRf1lDPbI+Y+Ip/wo5k3eyp6ePysVaSqbyxjyK3dK35BTxG+rmd7djf5q2UPs4noPNH+cj0Qw==}
    hasBin: true

  dotenv-expand@10.0.0:
    resolution: {integrity: sha512-GopVGCpVS1UKH75VKHGuQFqS1Gusej0z4FyQkPdwjil2gNIv+LNsqBlboOzpJFZKVT95GkCyWJbBSdFEFUWI2A==}
    engines: {node: '>=12'}

  dotenv@16.4.7:
    resolution: {integrity: sha512-47qPchRCykZC03FhkYAhrvwU4xDBFIj1QPqaarj6mdM/hgUzfPHcpkHJOn3mJAufFeeAxAzeGsr5X0M4k6fLZQ==}
    engines: {node: '>=12'}

  fast-deep-equal@3.1.3:
    resolution: {integrity: sha512-f3qQ9oQy9j2AhBe/H9VC91wLmKBCCU/gDOnKNAYG5hswO7BLKj09Hc5HYNz9cGI++xlpDCIgDaitVs03ATR84Q==}

  fsevents@2.3.3:
    resolution: {integrity: sha512-5xoDfX+fL7faATnagmWPpbFtwh/R77WmMMqqHGS65C3vvB0YHrgF+B1YmZ3441tMj5n63k0212XNoJwzlhffQw==}
    engines: {node: ^8.16.0 || ^10.6.0 || >=11.0.0}
    os: [darwin]

  ioredis@5.4.2:
    resolution: {integrity: sha512-0SZXGNGZ+WzISQ67QDyZ2x0+wVxjjUndtD8oSeik/4ajifeiRufed8fCb8QW8VMyi4MXcS+UO1k/0NGhvq1PAg==}
    engines: {node: '>=12.22.0'}

  isexe@2.0.0:
    resolution: {integrity: sha512-RHxMLp9lnKHGHRng9QFhRCMbYAcVpn69smSGcq3f36xjgVVWThj4qqLbTLlq7Ssj8B+fIQ1EuCEGI2lKsyQeIw==}

  lefthook-darwin-arm64@1.10.10:
    resolution: {integrity: sha512-hEypKdwWpmNSl4Q8eJxgmlGb2ybJj1+W5/v13Mxc+ApEmjbpNiJzPcdjC9zyaMEpPK4EybiHy8g5ZC0dLOwkpA==}
    cpu: [arm64]
    os: [darwin]

  lefthook-darwin-x64@1.10.10:
    resolution: {integrity: sha512-9xNbeE78i4Amz+uOheg9dcy7X/6X12h98SUMrYWk7fONvjW/Bp9h6nPGIGxI5krHp9iRB8rhmo33ljVDVtTlyg==}
    cpu: [x64]
    os: [darwin]

  lefthook-freebsd-arm64@1.10.10:
    resolution: {integrity: sha512-GT9wYxPxkvO1rtIAmctayT9xQIVII5xUIG3Pv6gZo+r6yEyle0EFTLFDbmVje7p7rQNCsvJ8XzCNdnyDrva90g==}
    cpu: [arm64]
    os: [freebsd]

  lefthook-freebsd-x64@1.10.10:
    resolution: {integrity: sha512-2BB/HRhEb9wGpk5K38iNkHtMPnn+TjXDtFG6C/AmUPLXLNhGnNiYp+v2uhUE8quWzxJx7QzfnU7Ga+/gzJcIcw==}
    cpu: [x64]
    os: [freebsd]

  lefthook-linux-arm64@1.10.10:
    resolution: {integrity: sha512-GJ7GALKJ1NcMnNZG9uY+zJR3yS8q7/MgcHFWSJhBl+w4KTiiD/RAdSl5ALwEK2+UX36Eo+7iQA7AXzaRdAii4w==}
    cpu: [arm64]
    os: [linux]

  lefthook-linux-x64@1.10.10:
    resolution: {integrity: sha512-dWUvPM9YTIJ3+X9dB+8iOnzoVHbnNmpscmUqEOKSeizgBrvuuIYKZJGDyjEtw65Qnmn1SJ7ouSaKK93p5c7SkQ==}
    cpu: [x64]
    os: [linux]

  lefthook-openbsd-arm64@1.10.10:
    resolution: {integrity: sha512-KnwDyxOvbvGSBTbEF/OxkynZRPLowd3mIXUKHtkg3ABcQ4UREalX+Sh0nWU2dNjQbINx7Eh6B42TxNC7h+qXEg==}
    cpu: [arm64]
    os: [openbsd]

  lefthook-openbsd-x64@1.10.10:
    resolution: {integrity: sha512-49nnG886CI3WkrzVJ71D1M2KWpUYN1BP9LMKNzN11cmZ0j6dUK4hj3nbW+NcrKXxgYzzyLU3FFwrc51OVy2eKA==}
    cpu: [x64]
    os: [openbsd]

  lefthook-windows-arm64@1.10.10:
    resolution: {integrity: sha512-9ni0Tsnk+O5oL7EBfKj9C5ZctD1mrTyHCtiu1zQJBbREReJtPjIM9DwWzecfbuVfrIlpbviVQvx5mjZ44bqlWw==}
    cpu: [arm64]
    os: [win32]

  lefthook-windows-x64@1.10.10:
    resolution: {integrity: sha512-gkKWYrlay4iecFfY1Ris5VcRYa0BaNJKMk0qE/wZmIpMgu4GvNg+f9BEwTMflkQIanABduT9lrECaL1lX5ClKw==}
    cpu: [x64]
    os: [win32]

  lefthook@1.10.10:
    resolution: {integrity: sha512-YW0fTONgOXsephvXq2gIFbegCW19MHCyKYX7JDWmzVF1ZiVMnDBYUL/SP3i0RtFvlCmqENl4SgKwYYQGUMnvig==}
    hasBin: true

  lodash.defaults@4.2.0:
    resolution: {integrity: sha512-qjxPLHd3r5DnsdGacqOMU6pb/avJzdh9tFX2ymgoZE27BmjXrNy/y4LoaiTeAb+O3gL8AfpJGtqfX/ae2leYYQ==}

  lodash.isarguments@3.1.0:
    resolution: {integrity: sha512-chi4NHZlZqZD18a0imDHnZPrDeBbTtVN7GXMwuGdRH9qotxAjYs3aVLKc7zNOG9eddR5Ksd8rvFEBc9SsggPpg==}

  lodash@4.17.21:
    resolution: {integrity: sha512-v2kDEe57lecTulaDIuNTPy3Ry4gLGJ6Z1O3vE1krgXZNrsQ+LFTGHVxVjcXPs17LhbZVGedAJv8XZ1tvj5FvSg==}

  magic-bytes.js@1.10.0:
    resolution: {integrity: sha512-/k20Lg2q8LE5xiaaSkMXk4sfvI+9EGEykFS4b0CHHGWqDYU0bGUFSwchNOMA56D7TCs9GwVTkqe9als1/ns8UQ==}

  minimist@1.2.8:
    resolution: {integrity: sha512-2yyAR8qBkN3YuheJanUpWC5U3bb5osDywNB8RzDVlDwDHbocAJveqqj1u8+SVD7jkWT4yvsHCpWqqWqAxb0zCA==}

  ms@2.1.3:
    resolution: {integrity: sha512-6FlzubTLZG3J2a/NVCAleEhjzq5oxgHyaCU9yYXvcLsvoVaHJq/s5xXI6/XXP6tz7R9xAOtHnSO/tXtF3WRTlA==}

  node-gyp-build@4.8.4:
    resolution: {integrity: sha512-LA4ZjwlnUblHVgq0oBF3Jl/6h/Nvs5fzBLwdEF4nuxnFdsfajde4WfxtJr3CaiH+F6ewcIB/q4jQ4UzPyid+CQ==}
    hasBin: true

  path-key@3.1.1:
    resolution: {integrity: sha512-ojmeN0qd+y0jszEtoY48r0Peq5dwMEkIlCOu6Q5f41lfkswXuKtYrhgoTpLnyIcHm24Uhqx+5Tqm2InSwLhE6Q==}
    engines: {node: '>=8'}

  pg-cloudflare@1.1.1:
    resolution: {integrity: sha512-xWPagP/4B6BgFO+EKz3JONXv3YDgvkbVrGw2mTo3D6tVDQRh1e7cqVGvyR3BE+eQgAvx1XhW/iEASj4/jCWl3Q==}

  pg-connection-string@2.7.0:
    resolution: {integrity: sha512-PI2W9mv53rXJQEOb8xNR8lH7Hr+EKa6oJa38zsK0S/ky2er16ios1wLKhZyxzD7jUReiWokc9WK5nxSnC7W1TA==}

  pg-int8@1.0.1:
    resolution: {integrity: sha512-WCtabS6t3c8SkpDBUlb1kjOs7l66xsGdKpIPZsg4wR+B3+u9UAum2odSsF9tnvxg80h4ZxLWMy4pRjOsFIqQpw==}
    engines: {node: '>=4.0.0'}

  pg-pool@3.7.0:
    resolution: {integrity: sha512-ZOBQForurqh4zZWjrgSwwAtzJ7QiRX0ovFkZr2klsen3Nm0aoh33Ls0fzfv3imeH/nw/O27cjdz5kzYJfeGp/g==}
    peerDependencies:
      pg: '>=8.0'

  pg-protocol@1.7.0:
    resolution: {integrity: sha512-hTK/mE36i8fDDhgDFjy6xNOG+LCorxLG3WO17tku+ij6sVHXh1jQUJ8hYAnRhNla4QVD2H8er/FOjc/+EgC6yQ==}

  pg-types@2.2.0:
    resolution: {integrity: sha512-qTAAlrEsl8s4OiEQY69wDvcMIdQN6wdz5ojQiOy6YRMuynxenON0O5oCpJI6lshc6scgAY8qvJ2On/p+CXY0GA==}
    engines: {node: '>=4'}

  pg@8.13.1:
    resolution: {integrity: sha512-OUir1A0rPNZlX//c7ksiu7crsGZTKSOXJPgtNiHGIlC9H0lO+NC6ZDYksSgBYY/thSWhnSRBv8w1lieNNGATNQ==}
    engines: {node: '>= 8.0.0'}
    peerDependencies:
      pg-native: '>=3.0.1'
    peerDependenciesMeta:
      pg-native:
        optional: true

  pgpass@1.0.5:
    resolution: {integrity: sha512-FdW9r/jQZhSeohs1Z3sI1yxFQNFvMcnmfuj4WBMUTxOrAyLMaTcE1aAMBiTlbMNaXvBCQuVi0R7hd8udDSP7ug==}

  postgres-array@2.0.0:
    resolution: {integrity: sha512-VpZrUqU5A69eQyW2c5CA1jtLecCsN2U/bD6VilrFDWq5+5UIEVO7nazS3TEcHf1zuPYO/sqGvUvW62g86RXZuA==}
    engines: {node: '>=4'}

  postgres-bytea@1.0.0:
    resolution: {integrity: sha512-xy3pmLuQqRBZBXDULy7KbaitYqLcmxigw14Q5sj8QBVLqEwXfeybIKVWiqAXTlcvdvb0+xkOtDbfQMOf4lST1w==}
    engines: {node: '>=0.10.0'}

  postgres-date@1.0.7:
    resolution: {integrity: sha512-suDmjLVQg78nMK2UZ454hAG+OAW+HQPZ6n++TNDUX+L0+uUlLywnoxJKDou51Zm+zTCjrCl0Nq6J9C5hP9vK/Q==}
    engines: {node: '>=0.10.0'}

  postgres-interval@1.2.0:
    resolution: {integrity: sha512-9ZhXKM/rw350N1ovuWHbGxnGh/SNJ4cnxHiM0rxE4VN41wsg8P8zWn9hv/buK00RP4WvlOyr/RBDiptyxVbkZQ==}
    engines: {node: '>=0.10.0'}

  prisma@6.3.0:
    resolution: {integrity: sha512-y+Zh3Qg+xGCWyyrNUUNaFW/OltaV/yXYuTa0WRgYkz5LGyifmAsgpv94I47+qGRocZrMGcbF2A/78/oO2zgifA==}
    engines: {node: '>=18.18'}
    hasBin: true
    peerDependencies:
      typescript: '>=5.1.0'
    peerDependenciesMeta:
      typescript:
        optional: true

  redis-errors@1.2.0:
    resolution: {integrity: sha512-1qny3OExCf0UvUV/5wpYKf2YwPcOqXzkwKKSmKHiE6ZMQs5heeE/c8eXK+PNllPvmjgAbfnsbpkGZWy8cBpn9w==}
    engines: {node: '>=4'}

  redis-parser@3.0.0:
    resolution: {integrity: sha512-DJnGAeenTdpMEH6uAJRK/uiyEIH9WVsUmoLwzudwGJUwZPp80PDBWPHXSAGNPwNvIXAbe7MSUB1zQFugFml66A==}
    engines: {node: '>=4'}

  shebang-command@2.0.0:
    resolution: {integrity: sha512-kHxr2zZpYtdmrN1qDjrrX/Z1rR1kG8Dx+gkpK1G4eXmvXswmcE1hTWBWYUzlraYw1/yZp6YuDY77YtvbN0dmDA==}
    engines: {node: '>=8'}

  shebang-regex@3.0.0:
    resolution: {integrity: sha512-7++dFhtcx3353uBaq8DDR4NuxBetBzC7ZQOhmTQInHEd6bSrXdiEyzCvG07Z44UYdLShWUyXt5M/yhz8ekcb1A==}
    engines: {node: '>=8'}

  split2@4.2.0:
    resolution: {integrity: sha512-UcjcJOWknrNkF6PLX83qcHM6KHgVKNkV62Y8a5uYDVv9ydGQVwAHMKqHdJje1VTWpljG0WYpCDhrCdAOYH4TWg==}
    engines: {node: '>= 10.x'}

  standard-as-callback@2.1.0:
    resolution: {integrity: sha512-qoRRSyROncaz1z0mvYqIE4lCd9p2R90i6GxW3uZv5ucSu8tU7B5HXUP1gG8pVZsYNVaXjk8ClXHPttLyxAL48A==}

  ts-mixer@6.0.4:
    resolution: {integrity: sha512-ufKpbmrugz5Aou4wcr5Wc1UUFWOLhq+Fm6qa6P0w0K5Qw2yhaUoiWszhCVuNQyNwrlGiscHOmqYoAox1PtvgjA==}

  tslib@2.8.1:
    resolution: {integrity: sha512-oJFu94HQb+KVduSUQL7wnpmqnfmLsOA/nAh6b6EH0wCEoK0/mPeXU6c3wKDV83MkOuHPRHtSXKKU99IBazS/2w==}

  typescript@5.7.3:
    resolution: {integrity: sha512-84MVSjMEHP+FQRPy3pX9sTVV/INIex71s9TL2Gm5FG/WG1SqXeKyZ0k7/blY/4FdOzI12CBy1vGc4og/eus0fw==}
    engines: {node: '>=14.17'}
    hasBin: true

  undici-types@6.20.0:
    resolution: {integrity: sha512-Ny6QZ2Nju20vw1SRHe3d9jVu6gJ+4e3+MMpqu7pqE5HT6WsTSlce++GQmK5UXS8mzV8DSYHrQH+Xrf2jVcuKNg==}

  undici@6.19.8:
    resolution: {integrity: sha512-U8uCCl2x9TK3WANvmBavymRzxbfFYG+tAu+fgx3zxQy3qdagQqBLwJVrdyO1TBfUXvfKveMKJZhpvUYoOjM+4g==}
    engines: {node: '>=18.17'}

  which@2.0.2:
    resolution: {integrity: sha512-BLI3Tl1TW3Pvl70l3yq3Y64i+awpwXqsGBYWkkqMtnbXgrMD+yj7rhW0kuEDxzJaYXGjEW5ogapKNMEKNMjibA==}
    engines: {node: '>= 8'}
    hasBin: true

  ws@8.18.0:
    resolution: {integrity: sha512-8VbfWfHLbbwu3+N6OKsOMpBdT4kXPDDB9cJk2bJ6mh9ucxdlnNvH1e+roYkKmN9Nxw2yjz7VzeO9oOz2zJ04Pw==}
    engines: {node: '>=10.0.0'}
    peerDependencies:
      bufferutil: ^4.0.1
      utf-8-validate: '>=5.0.2'
    peerDependenciesMeta:
      bufferutil:
        optional: true
      utf-8-validate:
        optional: true

  xtend@4.0.2:
    resolution: {integrity: sha512-LKYU1iAXJXUgAXn9URjiu+MWhyUXHsvfp7mcuYm9dSUKK0/CjtrUwFAxD82/mCWbtLsGjFIad0wIsod4zrTAEQ==}
    engines: {node: '>=0.4'}

  zod@3.24.1:
    resolution: {integrity: sha512-muH7gBL9sI1nciMZV67X5fTKKBLtwpZ5VBp1vsOQzj1MhrBZ4wlVCm3gedKZWLp0Oyel8sIGfeiz54Su+OVT+A==}

snapshots:

  '@biomejs/biome@1.9.4':
    optionalDependencies:
      '@biomejs/cli-darwin-arm64': 1.9.4
      '@biomejs/cli-darwin-x64': 1.9.4
      '@biomejs/cli-linux-arm64': 1.9.4
      '@biomejs/cli-linux-arm64-musl': 1.9.4
      '@biomejs/cli-linux-x64': 1.9.4
      '@biomejs/cli-linux-x64-musl': 1.9.4
      '@biomejs/cli-win32-arm64': 1.9.4
      '@biomejs/cli-win32-x64': 1.9.4

  '@biomejs/cli-darwin-arm64@1.9.4':
    optional: true

  '@biomejs/cli-darwin-x64@1.9.4':
    optional: true

  '@biomejs/cli-linux-arm64-musl@1.9.4':
    optional: true

  '@biomejs/cli-linux-arm64@1.9.4':
    optional: true

  '@biomejs/cli-linux-x64-musl@1.9.4':
    optional: true

  '@biomejs/cli-linux-x64@1.9.4':
    optional: true

  '@biomejs/cli-win32-arm64@1.9.4':
    optional: true

  '@biomejs/cli-win32-x64@1.9.4':
    optional: true

  '@discordjs/brokers@1.0.0':
    dependencies:
      '@msgpack/msgpack': 3.0.0-beta3
      '@vladfrangu/async_event_emitter': 2.4.6
      ioredis: 5.4.2
    transitivePeerDependencies:
      - supports-color

  '@discordjs/builders@1.10.0':
    dependencies:
      '@discordjs/formatters': 0.6.0
      '@discordjs/util': 1.1.1
      '@sapphire/shapeshift': 4.0.0
      discord-api-types: 0.37.118
      fast-deep-equal: 3.1.3
      ts-mixer: 6.0.4
      tslib: 2.8.1

  '@discordjs/collection@2.1.1': {}

  '@discordjs/core@2.0.1':
    dependencies:
      '@discordjs/rest': 2.4.2
      '@discordjs/util': 1.1.1
      '@discordjs/ws': 2.0.1(bufferutil@4.0.9)
      '@sapphire/snowflake': 3.5.5
      '@vladfrangu/async_event_emitter': 2.4.6
      discord-api-types: 0.37.118
    transitivePeerDependencies:
      - bufferutil
      - utf-8-validate

  '@discordjs/formatters@0.6.0':
    dependencies:
      discord-api-types: 0.37.118

  '@discordjs/rest@2.4.2':
    dependencies:
      '@discordjs/collection': 2.1.1
      '@discordjs/util': 1.1.1
      '@sapphire/async-queue': 1.5.5
      '@sapphire/snowflake': 3.5.5
      '@vladfrangu/async_event_emitter': 2.4.6
      discord-api-types: 0.37.118
      magic-bytes.js: 1.10.0
      tslib: 2.8.1
      undici: 6.19.8

  '@discordjs/util@1.1.1': {}

  '@discordjs/ws@2.0.1(bufferutil@4.0.9)':
    dependencies:
      '@discordjs/collection': 2.1.1
      '@discordjs/rest': 2.4.2
      '@discordjs/util': 1.1.1
      '@sapphire/async-queue': 1.5.5
      '@types/ws': 8.5.14
      '@vladfrangu/async_event_emitter': 2.4.6
      discord-api-types: 0.37.118
      tslib: 2.8.1
      ws: 8.18.0(bufferutil@4.0.9)
    transitivePeerDependencies:
      - bufferutil
      - utf-8-validate

  '@ioredis/commands@1.2.0': {}

  '@msgpack/msgpack@3.0.0-beta3': {}

  '@prisma/client@6.3.0(prisma@6.3.0(typescript@5.7.3))(typescript@5.7.3)':
    optionalDependencies:
      prisma: 6.3.0(typescript@5.7.3)
      typescript: 5.7.3

  '@prisma/debug@6.3.0': {}

  '@prisma/engines-version@6.3.0-17.acc0b9dd43eb689cbd20c9470515d719db10d0b0': {}

  '@prisma/engines@6.3.0':
    dependencies:
      '@prisma/debug': 6.3.0
      '@prisma/engines-version': 6.3.0-17.acc0b9dd43eb689cbd20c9470515d719db10d0b0
      '@prisma/fetch-engine': 6.3.0
      '@prisma/get-platform': 6.3.0

  '@prisma/fetch-engine@6.3.0':
    dependencies:
      '@prisma/debug': 6.3.0
      '@prisma/engines-version': 6.3.0-17.acc0b9dd43eb689cbd20c9470515d719db10d0b0
      '@prisma/get-platform': 6.3.0

  '@prisma/get-platform@6.3.0':
    dependencies:
      '@prisma/debug': 6.3.0

  '@sapphire/async-queue@1.5.5': {}

  '@sapphire/shapeshift@4.0.0':
    dependencies:
      fast-deep-equal: 3.1.3
      lodash: 4.17.21

  '@sapphire/snowflake@3.5.5': {}

  '@types/node@22.12.0':
    dependencies:
      undici-types: 6.20.0

  '@types/ws@8.5.14':
    dependencies:
      '@types/node': 22.12.0

  '@vladfrangu/async_event_emitter@2.4.6': {}

  bufferutil@4.0.9:
    dependencies:
      node-gyp-build: 4.8.4

  chalk@5.4.1: {}

  cluster-key-slot@1.1.2: {}

  cross-spawn@7.0.6:
    dependencies:
      path-key: 3.1.1
      shebang-command: 2.0.0
      which: 2.0.2

  debug@4.4.0:
    dependencies:
      ms: 2.1.3

  denque@2.1.0: {}

  discord-api-types@0.37.118: {}

  dotenv-cli@8.0.0:
    dependencies:
      cross-spawn: 7.0.6
      dotenv: 16.4.7
      dotenv-expand: 10.0.0
      minimist: 1.2.8

  dotenv-expand@10.0.0: {}

  dotenv@16.4.7: {}

  fast-deep-equal@3.1.3: {}

  fsevents@2.3.3:
    optional: true

  ioredis@5.4.2:
    dependencies:
      '@ioredis/commands': 1.2.0
      cluster-key-slot: 1.1.2
      debug: 4.4.0
      denque: 2.1.0
      lodash.defaults: 4.2.0
      lodash.isarguments: 3.1.0
      redis-errors: 1.2.0
      redis-parser: 3.0.0
      standard-as-callback: 2.1.0
    transitivePeerDependencies:
      - supports-color

  isexe@2.0.0: {}

  lefthook-darwin-arm64@1.10.10:
    optional: true

  lefthook-darwin-x64@1.10.10:
    optional: true

  lefthook-freebsd-arm64@1.10.10:
    optional: true

  lefthook-freebsd-x64@1.10.10:
    optional: true

  lefthook-linux-arm64@1.10.10:
    optional: true

  lefthook-linux-x64@1.10.10:
    optional: true

  lefthook-openbsd-arm64@1.10.10:
    optional: true

  lefthook-openbsd-x64@1.10.10:
    optional: true

  lefthook-windows-arm64@1.10.10:
    optional: true

  lefthook-windows-x64@1.10.10:
    optional: true

  lefthook@1.10.10:
    optionalDependencies:
      lefthook-darwin-arm64: 1.10.10
      lefthook-darwin-x64: 1.10.10
      lefthook-freebsd-arm64: 1.10.10
      lefthook-freebsd-x64: 1.10.10
      lefthook-linux-arm64: 1.10.10
      lefthook-linux-x64: 1.10.10
      lefthook-openbsd-arm64: 1.10.10
      lefthook-openbsd-x64: 1.10.10
      lefthook-windows-arm64: 1.10.10
      lefthook-windows-x64: 1.10.10

  lodash.defaults@4.2.0: {}

  lodash.isarguments@3.1.0: {}

  lodash@4.17.21: {}

  magic-bytes.js@1.10.0: {}

  minimist@1.2.8: {}

  ms@2.1.3: {}

  node-gyp-build@4.8.4: {}

  path-key@3.1.1: {}

  pg-cloudflare@1.1.1:
    optional: true

  pg-connection-string@2.7.0: {}

  pg-int8@1.0.1: {}

  pg-pool@3.7.0(pg@8.13.1):
    dependencies:
      pg: 8.13.1

  pg-protocol@1.7.0: {}

  pg-types@2.2.0:
    dependencies:
      pg-int8: 1.0.1
      postgres-array: 2.0.0
      postgres-bytea: 1.0.0
      postgres-date: 1.0.7
      postgres-interval: 1.2.0

  pg@8.13.1:
    dependencies:
      pg-connection-string: 2.7.0
      pg-pool: 3.7.0(pg@8.13.1)
      pg-protocol: 1.7.0
      pg-types: 2.2.0
      pgpass: 1.0.5
    optionalDependencies:
      pg-cloudflare: 1.1.1

  pgpass@1.0.5:
    dependencies:
      split2: 4.2.0

  postgres-array@2.0.0: {}

  postgres-bytea@1.0.0: {}

  postgres-date@1.0.7: {}

  postgres-interval@1.2.0:
    dependencies:
      xtend: 4.0.2

  prisma@6.3.0(typescript@5.7.3):
    dependencies:
      '@prisma/engines': 6.3.0
    optionalDependencies:
      fsevents: 2.3.3
      typescript: 5.7.3

  redis-errors@1.2.0: {}

  redis-parser@3.0.0:
    dependencies:
      redis-errors: 1.2.0

  shebang-command@2.0.0:
    dependencies:
      shebang-regex: 3.0.0

  shebang-regex@3.0.0: {}

  split2@4.2.0: {}

  standard-as-callback@2.1.0: {}

  ts-mixer@6.0.4: {}

  tslib@2.8.1: {}

  typescript@5.7.3: {}

  undici-types@6.20.0: {}

  undici@6.19.8: {}

  which@2.0.2:
    dependencies:
      isexe: 2.0.0

  ws@8.18.0(bufferutil@4.0.9):
    optionalDependencies:
      bufferutil: 4.0.9

  xtend@4.0.2: {}

  zod@3.24.1: {}
